
Microsoft Visual Studio Solution File, Format Version 12.00
# Visual Studio 15
VisualStudioVersion = 15.0.27130.2010
MinimumVisualStudioVersion = 10.0.40219.1
Project("{A0786B88-2ADB-4C21-ABE8-AA2D79766269}") = "Importadora_Herrera_Principal_Admin", "Importadora_Herrera_Principal_Admin\Importadora_Herrera_Principal_Admin.phpproj", "{84E6ACC6-5CE4-433C-8B47-36D77C6D405A}"
EndProject
Global
	GlobalSection(SolutionConfigurationPlatforms) = preSolution
		Debug|Any CPU = Debug|Any CPU
		Release|Any CPU = Release|Any CPU
	EndGlobalSection
	GlobalSection(ProjectConfigurationPlatforms) = postSolution
		{84E6ACC6-5CE4-433C-8B47-36D77C6D405A}.Debug|Any CPU.ActiveCfg = Debug|Any CPU
		{84E6ACC6-5CE4-433C-8B47-36D77C6D405A}.Release|Any CPU.ActiveCfg = Release|Any CPU
	EndGlobalSection
	GlobalSection(SolutionProperties) = preSolution
		HideSolutionNode = FALSE
	EndGlobalSection
	GlobalSection(ExtensibilityGlobals) = postSolution
		SolutionGuid = {3E1DD989-E748-4C6B-A32D-68D2D8951B44}
	EndGlobalSection
EndGlobal
