
Microsoft Visual Studio Solution File, Format Version 12.00
# Visual Studio 15
VisualStudioVersion = 15.0.26228.9
MinimumVisualStudioVersion = 10.0.40219.1
Project("{A0786B88-2ADB-4C21-ABE8-AA2D79766269}") = "Importadora-Herrera-Principal", "Importadora-Herrera-Principal\Importadora-Herrera-Principal.phpproj", "{FC8B56F0-531E-4966-BAB6-0F3D67BF1552}"
EndProject
Global
	GlobalSection(SolutionConfigurationPlatforms) = preSolution
		Debug|Any CPU = Debug|Any CPU
		Release|Any CPU = Release|Any CPU
	EndGlobalSection
	GlobalSection(ProjectConfigurationPlatforms) = postSolution
		{FC8B56F0-531E-4966-BAB6-0F3D67BF1552}.Debug|Any CPU.ActiveCfg = Debug|Any CPU
		{FC8B56F0-531E-4966-BAB6-0F3D67BF1552}.Release|Any CPU.ActiveCfg = Release|Any CPU
	EndGlobalSection
	GlobalSection(SolutionProperties) = preSolution
		HideSolutionNode = FALSE
	EndGlobalSection
EndGlobal
